
Microsoft Visual Studio Solution File, Format Version 12.00
# Visual Studio Version 16
VisualStudioVersion = 16.0.29806.167
MinimumVisualStudioVersion = 10.0.40219.1
Project("{9A19103F-16F7-4668-BE54-9A1E7A4F7556}") = "Client", "Client\Client.csproj", "{843B6BD2-AFDF-4D09-9F9E-218DC345D846}"
EndProject
Project("{9A19103F-16F7-4668-BE54-9A1E7A4F7556}") = "UnitTest", "UnitTest\UnitTest.csproj", "{30101BD9-E9F7-4E32-AFE2-2421944A280B}"
EndProject
Project("{9A19103F-16F7-4668-BE54-9A1E7A4F7556}") = "SoccerLeague", "SoccerLeague\SoccerLeague.csproj", "{E3C0356E-A910-449D-AC8F-7CC7FEB5C97C}"
EndProject
Project("{FAE04EC0-301F-11D3-BF4B-00C04F79EFBC}") = "Domain", "Domain\Domain.csproj", "{6F4E0C4A-D2EF-4DAB-B9E6-C9B65B960854}"
EndProject
Global
	GlobalSection(SolutionConfigurationPlatforms) = preSolution
		Debug|Any CPU = Debug|Any CPU
		Release|Any CPU = Release|Any CPU
	EndGlobalSection
	GlobalSection(ProjectConfigurationPlatforms) = postSolution
		{843B6BD2-AFDF-4D09-9F9E-218DC345D846}.Debug|Any CPU.ActiveCfg = Debug|Any CPU
		{843B6BD2-AFDF-4D09-9F9E-218DC345D846}.Debug|Any CPU.Build.0 = Debug|Any CPU
		{843B6BD2-AFDF-4D09-9F9E-218DC345D846}.Release|Any CPU.ActiveCfg = Release|Any CPU
		{843B6BD2-AFDF-4D09-9F9E-218DC345D846}.Release|Any CPU.Build.0 = Release|Any CPU
		{30101BD9-E9F7-4E32-AFE2-2421944A280B}.Debug|Any CPU.ActiveCfg = Debug|Any CPU
		{30101BD9-E9F7-4E32-AFE2-2421944A280B}.Debug|Any CPU.Build.0 = Debug|Any CPU
		{30101BD9-E9F7-4E32-AFE2-2421944A280B}.Release|Any CPU.ActiveCfg = Release|Any CPU
		{30101BD9-E9F7-4E32-AFE2-2421944A280B}.Release|Any CPU.Build.0 = Release|Any CPU
		{E3C0356E-A910-449D-AC8F-7CC7FEB5C97C}.Debug|Any CPU.ActiveCfg = Debug|Any CPU
		{E3C0356E-A910-449D-AC8F-7CC7FEB5C97C}.Debug|Any CPU.Build.0 = Debug|Any CPU
		{E3C0356E-A910-449D-AC8F-7CC7FEB5C97C}.Release|Any CPU.ActiveCfg = Release|Any CPU
		{E3C0356E-A910-449D-AC8F-7CC7FEB5C97C}.Release|Any CPU.Build.0 = Release|Any CPU
		{6F4E0C4A-D2EF-4DAB-B9E6-C9B65B960854}.Debug|Any CPU.ActiveCfg = Debug|Any CPU
		{6F4E0C4A-D2EF-4DAB-B9E6-C9B65B960854}.Debug|Any CPU.Build.0 = Debug|Any CPU
		{6F4E0C4A-D2EF-4DAB-B9E6-C9B65B960854}.Release|Any CPU.ActiveCfg = Release|Any CPU
		{6F4E0C4A-D2EF-4DAB-B9E6-C9B65B960854}.Release|Any CPU.Build.0 = Release|Any CPU
	EndGlobalSection
	GlobalSection(SolutionProperties) = preSolution
		HideSolutionNode = FALSE
	EndGlobalSection
	GlobalSection(ExtensibilityGlobals) = postSolution
		SolutionGuid = {600DF735-BFF4-4EC3-9663-1C05808B801A}
	EndGlobalSection
EndGlobal
